
Microsoft Visual Studio Solution File, Format Version 12.00
# Visual Studio 15
VisualStudioVersion = 15.0.26430.15
MinimumVisualStudioVersion = 10.0.40219.1
Project("{FAE04EC0-301F-11D3-BF4B-00C04F79EFBC}") = "Color Spectrum", "Color Spectrum\Color Spectrum.csproj", "{DBDB4318-3498-4C0E-89D4-3D76E36AB892}"
EndProject
Global
	GlobalSection(SolutionConfigurationPlatforms) = preSolution
		Debug|Any CPU = Debug|Any CPU
		Release|Any CPU = Release|Any CPU
	EndGlobalSection
	GlobalSection(ProjectConfigurationPlatforms) = postSolution
		{DBDB4318-3498-4C0E-89D4-3D76E36AB892}.Debug|Any CPU.ActiveCfg = Debug|Any CPU
		{DBDB4318-3498-4C0E-89D4-3D76E36AB892}.Debug|Any CPU.Build.0 = Debug|Any CPU
		{DBDB4318-3498-4C0E-89D4-3D76E36AB892}.Release|Any CPU.ActiveCfg = Release|Any CPU
		{DBDB4318-3498-4C0E-89D4-3D76E36AB892}.Release|Any CPU.Build.0 = Release|Any CPU
	EndGlobalSection
	GlobalSection(SolutionProperties) = preSolution
		HideSolutionNode = FALSE
	EndGlobalSection
EndGlobal
